
Microsoft Visual Studio Solution File, Format Version 12.00
# Visual Studio Version 16
VisualStudioVersion = 16.0.29230.47
MinimumVisualStudioVersion = 10.0.40219.1
Project("{FAE04EC0-301F-11D3-BF4B-00C04F79EFBC}") = "QLTV", "QLTV\QLTV.csproj", "{913B3A58-919D-44B0-A784-BCEB33B05788}"
EndProject
Project("{FAE04EC0-301F-11D3-BF4B-00C04F79EFBC}") = "QLTV_Entity", "QLTV_Entity\QLTV_Entity.csproj", "{3BA8529F-1DDC-4B7C-9C5C-2D92266ECB79}"
EndProject
Project("{FAE04EC0-301F-11D3-BF4B-00C04F79EFBC}") = "QLTV_DAL", "QLTV_DAL\QLTV_DAL.csproj", "{05BB3864-4F17-42B2-AA3B-69363720405E}"
EndProject
Project("{FAE04EC0-301F-11D3-BF4B-00C04F79EFBC}") = "QLTV_BUS", "QLTV_BUS\QLTV_BUS.csproj", "{90E488E1-9649-46CA-8018-6CFC27740C5B}"
EndProject
Global
	GlobalSection(SolutionConfigurationPlatforms) = preSolution
		Debug|Any CPU = Debug|Any CPU
		Release|Any CPU = Release|Any CPU
	EndGlobalSection
	GlobalSection(ProjectConfigurationPlatforms) = postSolution
		{913B3A58-919D-44B0-A784-BCEB33B05788}.Debug|Any CPU.ActiveCfg = Debug|Any CPU
		{913B3A58-919D-44B0-A784-BCEB33B05788}.Debug|Any CPU.Build.0 = Debug|Any CPU
		{913B3A58-919D-44B0-A784-BCEB33B05788}.Release|Any CPU.ActiveCfg = Release|Any CPU
		{913B3A58-919D-44B0-A784-BCEB33B05788}.Release|Any CPU.Build.0 = Release|Any CPU
		{3BA8529F-1DDC-4B7C-9C5C-2D92266ECB79}.Debug|Any CPU.ActiveCfg = Debug|Any CPU
		{3BA8529F-1DDC-4B7C-9C5C-2D92266ECB79}.Debug|Any CPU.Build.0 = Debug|Any CPU
		{3BA8529F-1DDC-4B7C-9C5C-2D92266ECB79}.Release|Any CPU.ActiveCfg = Release|Any CPU
		{3BA8529F-1DDC-4B7C-9C5C-2D92266ECB79}.Release|Any CPU.Build.0 = Release|Any CPU
		{05BB3864-4F17-42B2-AA3B-69363720405E}.Debug|Any CPU.ActiveCfg = Debug|Any CPU
		{05BB3864-4F17-42B2-AA3B-69363720405E}.Debug|Any CPU.Build.0 = Debug|Any CPU
		{05BB3864-4F17-42B2-AA3B-69363720405E}.Release|Any CPU.ActiveCfg = Release|Any CPU
		{05BB3864-4F17-42B2-AA3B-69363720405E}.Release|Any CPU.Build.0 = Release|Any CPU
		{90E488E1-9649-46CA-8018-6CFC27740C5B}.Debug|Any CPU.ActiveCfg = Debug|Any CPU
		{90E488E1-9649-46CA-8018-6CFC27740C5B}.Debug|Any CPU.Build.0 = Debug|Any CPU
		{90E488E1-9649-46CA-8018-6CFC27740C5B}.Release|Any CPU.ActiveCfg = Release|Any CPU
		{90E488E1-9649-46CA-8018-6CFC27740C5B}.Release|Any CPU.Build.0 = Release|Any CPU
	EndGlobalSection
	GlobalSection(SolutionProperties) = preSolution
		HideSolutionNode = FALSE
	EndGlobalSection
	GlobalSection(ExtensibilityGlobals) = postSolution
		SolutionGuid = {82E2FF42-A02D-40A1-B968-E7464FC86416}
	EndGlobalSection
EndGlobal
